
Microsoft Visual Studio Solution File, Format Version 12.00
# Visual Studio 2013
VisualStudioVersion = 12.0.21005.1
MinimumVisualStudioVersion = 10.0.40219.1
Project("{FAE04EC0-301F-11D3-BF4B-00C04F79EFBC}") = "KSUtil", "KSUtil.csproj", "{870A89A7-F2E6-4728-B2F8-1F771DF7E120}"
EndProject
Global
	GlobalSection(SolutionConfigurationPlatforms) = preSolution
		Debug|x64 = Debug|x64
		Release|x64 = Release|x64
	EndGlobalSection
	GlobalSection(ProjectConfigurationPlatforms) = postSolution
		{870A89A7-F2E6-4728-B2F8-1F771DF7E120}.Debug|x64.ActiveCfg = Debug|x64
		{870A89A7-F2E6-4728-B2F8-1F771DF7E120}.Debug|x64.Build.0 = Debug|x64
		{870A89A7-F2E6-4728-B2F8-1F771DF7E120}.Release|x64.ActiveCfg = Release|x64
		{870A89A7-F2E6-4728-B2F8-1F771DF7E120}.Release|x64.Build.0 = Release|x64
	EndGlobalSection
	GlobalSection(SolutionProperties) = preSolution
		HideSolutionNode = FALSE
	EndGlobalSection
EndGlobal
